// !$*UTF8*$!
{
	archiveVersion = 1;
	classes = {
	};
	objectVersion = 46;
	objects = {

/* Begin PBXBuildFile section */
		25CE593E735A60F04457A747 /* libPods-JpakeChatAppTests.a in Frameworks */ = {isa = PBXBuildFile; fileRef = 513A9110B52232B38B77BDA4 /* libPods-JpakeChatAppTests.a */; };
		887E7B3D8322E8241020B658 /* libPods-JpakeChatAppUITests.a in Frameworks */ = {isa = PBXBuildFile; fileRef = 8F4479D1200AC59A6F822D13 /* libPods-JpakeChatAppUITests.a */; };
		AF2D069A1EC352030023496C /* GoogleService-Info.plist in Resources */ = {isa = PBXBuildFile; fileRef = AF2D06991EC352030023496C /* GoogleService-Info.plist */; };
		AF2DD9091ECDDDA0005E7EF8 /* Bolts.framework in Frameworks */ = {isa = PBXBuildFile; fileRef = AF2DD9051ECDDDA0005E7EF8 /* Bolts.framework */; };
		AF2DD90A1ECDDDA0005E7EF8 /* Bolts.framework in Frameworks */ = {isa = PBXBuildFile; fileRef = AF2DD9051ECDDDA0005E7EF8 /* Bolts.framework */; };
		AF2DD90B1ECDDDA0005E7EF8 /* Bolts.framework in Frameworks */ = {isa = PBXBuildFile; fileRef = AF2DD9051ECDDDA0005E7EF8 /* Bolts.framework */; };
		AF2DD90C1ECDDDA0005E7EF8 /* FBSDKCoreKit.framework in Frameworks */ = {isa = PBXBuildFile; fileRef = AF2DD9061ECDDDA0005E7EF8 /* FBSDKCoreKit.framework */; };
		AF2DD90D1ECDDDA0005E7EF8 /* FBSDKCoreKit.framework in Frameworks */ = {isa = PBXBuildFile; fileRef = AF2DD9061ECDDDA0005E7EF8 /* FBSDKCoreKit.framework */; };
		AF2DD90E1ECDDDA0005E7EF8 /* FBSDKCoreKit.framework in Frameworks */ = {isa = PBXBuildFile; fileRef = AF2DD9061ECDDDA0005E7EF8 /* FBSDKCoreKit.framework */; };
		AF2DD90F1ECDDDA0005E7EF8 /* FBSDKLoginKit.framework in Frameworks */ = {isa = PBXBuildFile; fileRef = AF2DD9071ECDDDA0005E7EF8 /* FBSDKLoginKit.framework */; };
		AF2DD9101ECDDDA0005E7EF8 /* FBSDKLoginKit.framework in Frameworks */ = {isa = PBXBuildFile; fileRef = AF2DD9071ECDDDA0005E7EF8 /* FBSDKLoginKit.framework */; };
		AF2DD9111ECDDDA0005E7EF8 /* FBSDKLoginKit.framework in Frameworks */ = {isa = PBXBuildFile; fileRef = AF2DD9071ECDDDA0005E7EF8 /* FBSDKLoginKit.framework */; };
		AF2DD9121ECDDDA0005E7EF8 /* FBSDKShareKit.framework in Frameworks */ = {isa = PBXBuildFile; fileRef = AF2DD9081ECDDDA0005E7EF8 /* FBSDKShareKit.framework */; };
		AF2DD9131ECDDDA0005E7EF8 /* FBSDKShareKit.framework in Frameworks */ = {isa = PBXBuildFile; fileRef = AF2DD9081ECDDDA0005E7EF8 /* FBSDKShareKit.framework */; };
		AF2DD9141ECDDDA0005E7EF8 /* FBSDKShareKit.framework in Frameworks */ = {isa = PBXBuildFile; fileRef = AF2DD9081ECDDDA0005E7EF8 /* FBSDKShareKit.framework */; };
		AF2DD91B1ED2F800005E7EF8 /* Main.storyboard in Resources */ = {isa = PBXBuildFile; fileRef = AF2DD91A1ED2F800005E7EF8 /* Main.storyboard */; };
		AF31F36C1EC9C1EA00A459D6 /* Cherry Wood in Resources */ = {isa = PBXBuildFile; fileRef = AF31F36B1EC9C1EA00A459D6 /* Cherry Wood */; };
		AF519D1B1EDB2E2D00A63AA1 /* FriendListViewControllerTableViewController.m in Sources */ = {isa = PBXBuildFile; fileRef = AF519D1A1EDB2E2D00A63AA1 /* FriendListViewControllerTableViewController.m */; };
		AF519D1E1EDB2E5E00A63AA1 /* UserSettingViewController.m in Sources */ = {isa = PBXBuildFile; fileRef = AF519D1D1EDB2E5E00A63AA1 /* UserSettingViewController.m */; };
		AF519D211EDB371D00A63AA1 /* TarBarViewController.m in Sources */ = {isa = PBXBuildFile; fileRef = AF519D201EDB371D00A63AA1 /* TarBarViewController.m */; };
		AF6E2BAA1EEEAB9600533AA2 /* AddFriendsViewController.m in Sources */ = {isa = PBXBuildFile; fileRef = AF6E2BA91EEEAB9600533AA2 /* AddFriendsViewController.m */; };
		AFB4D9151EEAE4290052FB9E /* Icon-58.png in Resources */ = {isa = PBXBuildFile; fileRef = AFB4D9121EEAE4290052FB9E /* Icon-58.png */; };
		AFB4D9161EEAE4290052FB9E /* Icon-80.png in Resources */ = {isa = PBXBuildFile; fileRef = AFB4D9131EEAE4290052FB9E /* Icon-80.png */; };
		AFB4D9171EEAE4290052FB9E /* Icon-114.png in Resources */ = {isa = PBXBuildFile; fileRef = AFB4D9141EEAE4290052FB9E /* Icon-114.png */; };
		AFD70D101EEAE1D000CED785 /* icon.jpeg in Resources */ = {isa = PBXBuildFile; fileRef = AFD70D0F1EEAE1D000CED785 /* icon.jpeg */; };
		AFEFDA861EF29D75006C7F13 /* NewFriendTableViewController.m in Sources */ = {isa = PBXBuildFile; fileRef = AFEFDA851EF29D75006C7F13 /* NewFriendTableViewController.m */; };
		C0F100A3B6D8A326E19219C9 /* libPods-JpakeChatApp.a in Frameworks */ = {isa = PBXBuildFile; fileRef = 8B72DF1DB16B9C55EC65868E /* libPods-JpakeChatApp.a */; };
		DE8356D81D058E1500EB6CA4 /* Security.framework in Frameworks */ = {isa = PBXBuildFile; fileRef = DE8356D71D058E1500EB6CA4 /* Security.framework */; };
		DEBD2FD81D0229E300583242 /* NSData+AES256.m in Sources */ = {isa = PBXBuildFile; fileRef = DEBD2FD71D0229E300583242 /* NSData+AES256.m */; };
		DED889581CCD1AFA00F4CE97 /* main.m in Sources */ = {isa = PBXBuildFile; fileRef = DED889571CCD1AFA00F4CE97 /* main.m */; };
		DED8895B1CCD1AFA00F4CE97 /* AppDelegate.m in Sources */ = {isa = PBXBuildFile; fileRef = DED8895A1CCD1AFA00F4CE97 /* AppDelegate.m */; };
		DED889661CCD1AFA00F4CE97 /* Assets.xcassets in Resources */ = {isa = PBXBuildFile; fileRef = DED889651CCD1AFA00F4CE97 /* Assets.xcassets */; };
		DED889691CCD1AFA00F4CE97 /* LaunchScreen.storyboard in Resources */ = {isa = PBXBuildFile; fileRef = DED889671CCD1AFA00F4CE97 /* LaunchScreen.storyboard */; };
		DED889741CCD1AFA00F4CE97 /* JpakeChatAppTests.m in Sources */ = {isa = PBXBuildFile; fileRef = DED889731CCD1AFA00F4CE97 /* JpakeChatAppTests.m */; };
		DED8897F1CCD1AFA00F4CE97 /* JpakeChatAppUITests.m in Sources */ = {isa = PBXBuildFile; fileRef = DED8897E1CCD1AFA00F4CE97 /* JpakeChatAppUITests.m */; };
		DED8899B1CCD1B7800F4CE97 /* jpakeKey.m in Sources */ = {isa = PBXBuildFile; fileRef = DED8898E1CCD1B7800F4CE97 /* jpakeKey.m */; };
		DED8899C1CCD1B7800F4CE97 /* jpakeParms.m in Sources */ = {isa = PBXBuildFile; fileRef = DED889901CCD1B7800F4CE97 /* jpakeParms.m */; };
		DED8899D1CCD1B7800F4CE97 /* jpakeparticipant.m in Sources */ = {isa = PBXBuildFile; fileRef = DED889921CCD1B7800F4CE97 /* jpakeparticipant.m */; };
		DED8899E1CCD1B7800F4CE97 /* JpakeRound1Payload.m in Sources */ = {isa = PBXBuildFile; fileRef = DED889941CCD1B7800F4CE97 /* JpakeRound1Payload.m */; };
		DED8899F1CCD1B7800F4CE97 /* JpakeRound2Payload.m in Sources */ = {isa = PBXBuildFile; fileRef = DED889961CCD1B7800F4CE97 /* JpakeRound2Payload.m */; };
		DED889A01CCD1B7800F4CE97 /* JpakeRound3Payload.m in Sources */ = {isa = PBXBuildFile; fileRef = DED889981CCD1B7800F4CE97 /* JpakeRound3Payload.m */; };
		DED889A11CCD1B7800F4CE97 /* jpakeUtils.m in Sources */ = {isa = PBXBuildFile; fileRef = DED8899A1CCD1B7800F4CE97 /* jpakeUtils.m */; };
		DED889A61CCD1B8800F4CE97 /* NSData+conversion.m in Sources */ = {isa = PBXBuildFile; fileRef = DED889A31CCD1B8800F4CE97 /* NSData+conversion.m */; };
		DED889A71CCD1B8800F4CE97 /* NSString+SHA256.m in Sources */ = {isa = PBXBuildFile; fileRef = DED889A51CCD1B8800F4CE97 /* NSString+SHA256.m */; };
		DED889A91CCD1B9800F4CE97 /* libBigInteger-iOS.a in Frameworks */ = {isa = PBXBuildFile; fileRef = DED889A81CCD1B9800F4CE97 /* libBigInteger-iOS.a */; };
		DED889AC1CCD1BA600F4CE97 /* InboxTableViewController.m in Sources */ = {isa = PBXBuildFile; fileRef = DED889AB1CCD1BA600F4CE97 /* InboxTableViewController.m */; };
		DED889AF1CCD1BB500F4CE97 /* LoginViewController.m in Sources */ = {isa = PBXBuildFile; fileRef = DED889AE1CCD1BB500F4CE97 /* LoginViewController.m */; };
		DED889B21CCD1BC000F4CE97 /* User.m in Sources */ = {isa = PBXBuildFile; fileRef = DED889B11CCD1BC000F4CE97 /* User.m */; };
		DED889B51CCD1BCE00F4CE97 /* DataBasics.m in Sources */ = {isa = PBXBuildFile; fileRef = DED889B41CCD1BCE00F4CE97 /* DataBasics.m */; };
		DED889B91CCD1C3900F4CE97 /* signupViewController.m in Sources */ = {isa = PBXBuildFile; fileRef = DED889B81CCD1C3900F4CE97 /* signupViewController.m */; };
		DED889C61CCD205800F4CE97 /* JParticipant.m in Sources */ = {isa = PBXBuildFile; fileRef = DED889C11CCD205800F4CE97 /* JParticipant.m */; };
		DED889C71CCD205800F4CE97 /* JParticipant+CoreDataProperties.m in Sources */ = {isa = PBXBuildFile; fileRef = DED889C31CCD205800F4CE97 /* JParticipant+CoreDataProperties.m */; };
		DED889CA1CCD207E00F4CE97 /* theCoreDataStack.m in Sources */ = {isa = PBXBuildFile; fileRef = DED889C91CCD207E00F4CE97 /* theCoreDataStack.m */; };
		DEED44D71CFE211C00397F6F /* JKey+CoreDataProperties.m in Sources */ = {isa = PBXBuildFile; fileRef = DEED44D41CFE211C00397F6F /* JKey+CoreDataProperties.m */; };
		DEED44D81CFE211C00397F6F /* JKey.m in Sources */ = {isa = PBXBuildFile; fileRef = DEED44D61CFE211C00397F6F /* JKey.m */; };
		DEED44DB1CFEFABD00397F6F /* ChatVCTableViewController.m in Sources */ = {isa = PBXBuildFile; fileRef = DEED44DA1CFEFABD00397F6F /* ChatVCTableViewController.m */; };
		DEED44E71D004FEA00397F6F /* JpakeChatApp.xcdatamodeld in Sources */ = {isa = PBXBuildFile; fileRef = DEED44E51D004FEA00397F6F /* JpakeChatApp.xcdatamodeld */; };
/* End PBXBuildFile section */

/* Begin PBXContainerItemProxy section */
		DED889701CCD1AFA00F4CE97 /* PBXContainerItemProxy */ = {
			isa = PBXContainerItemProxy;
			containerPortal = DED8894B1CCD1AFA00F4CE97 /* Project object */;
			proxyType = 1;
			remoteGlobalIDString = DED889521CCD1AFA00F4CE97;
			remoteInfo = JpakeChatApp;
		};
		DED8897B1CCD1AFA00F4CE97 /* PBXContainerItemProxy */ = {
			isa = PBXContainerItemProxy;
			containerPortal = DED8894B1CCD1AFA00F4CE97 /* Project object */;
			proxyType = 1;
			remoteGlobalIDString = DED889521CCD1AFA00F4CE97;
			remoteInfo = JpakeChatApp;
		};
/* End PBXContainerItemProxy section */

/* Begin PBXFileReference section */
		2B96C523D626C040BF75157E /* Pods-JpakeChatAppTests.release.xcconfig */ = {isa = PBXFileReference; includeInIndex = 1; lastKnownFileType = text.xcconfig; name = "Pods-JpakeChatAppTests.release.xcconfig"; path = "Pods/Target Support Files/Pods-JpakeChatAppTests/Pods-JpakeChatAppTests.release.xcconfig"; sourceTree = "<group>"; };
		513A9110B52232B38B77BDA4 /* libPods-JpakeChatAppTests.a */ = {isa = PBXFileReference; explicitFileType = archive.ar; includeInIndex = 0; path = "libPods-JpakeChatAppTests.a"; sourceTree = BUILT_PRODUCTS_DIR; };
		891EC5BAD1DD301EEE1AF564 /* Pods-JpakeChatApp.release.xcconfig */ = {isa = PBXFileReference; includeInIndex = 1; lastKnownFileType = text.xcconfig; name = "Pods-JpakeChatApp.release.xcconfig"; path = "Pods/Target Support Files/Pods-JpakeChatApp/Pods-JpakeChatApp.release.xcconfig"; sourceTree = "<group>"; };
		8B72DF1DB16B9C55EC65868E /* libPods-JpakeChatApp.a */ = {isa = PBXFileReference; explicitFileType = archive.ar; includeInIndex = 0; path = "libPods-JpakeChatApp.a"; sourceTree = BUILT_PRODUCTS_DIR; };
		8F4479D1200AC59A6F822D13 /* libPods-JpakeChatAppUITests.a */ = {isa = PBXFileReference; explicitFileType = archive.ar; includeInIndex = 0; path = "libPods-JpakeChatAppUITests.a"; sourceTree = BUILT_PRODUCTS_DIR; };
		AF2D06991EC352030023496C /* GoogleService-Info.plist */ = {isa = PBXFileReference; fileEncoding = 4; lastKnownFileType = text.plist.xml; path = "GoogleService-Info.plist"; sourceTree = "<group>"; };
		AF2D069B1EC355130023496C /* Tests-Info.plist */ = {isa = PBXFileReference; fileEncoding = 4; lastKnownFileType = text.plist.xml; path = "Tests-Info.plist"; sourceTree = "<group>"; };
		AF2D069D1EC356DF0023496C /* UITests-Info.plist */ = {isa = PBXFileReference; fileEncoding = 4; lastKnownFileType = text.plist.xml; path = "UITests-Info.plist"; sourceTree = "<group>"; };
		AF2DD9051ECDDDA0005E7EF8 /* Bolts.framework */ = {isa = PBXFileReference; lastKnownFileType = wrapper.framework; path = Bolts.framework; sourceTree = "<group>"; };
		AF2DD9061ECDDDA0005E7EF8 /* FBSDKCoreKit.framework */ = {isa = PBXFileReference; lastKnownFileType = wrapper.framework; path = FBSDKCoreKit.framework; sourceTree = "<group>"; };
		AF2DD9071ECDDDA0005E7EF8 /* FBSDKLoginKit.framework */ = {isa = PBXFileReference; lastKnownFileType = wrapper.framework; path = FBSDKLoginKit.framework; sourceTree = "<group>"; };
		AF2DD9081ECDDDA0005E7EF8 /* FBSDKShareKit.framework */ = {isa = PBXFileReference; lastKnownFileType = wrapper.framework; path = FBSDKShareKit.framework; sourceTree = "<group>"; };
		AF2DD91A1ED2F800005E7EF8 /* Main.storyboard */ = {isa = PBXFileReference; fileEncoding = 4; lastKnownFileType = file.storyboard; path = Main.storyboard; sourceTree = "<group>"; };
		AF31F36B1EC9C1EA00A459D6 /* Cherry Wood */ = {isa = PBXFileReference; lastKnownFileType = folder; path = "Cherry Wood"; sourceTree = "<group>"; };
		AF519D191EDB2E2D00A63AA1 /* FriendListViewControllerTableViewController.h */ = {isa = PBXFileReference; fileEncoding = 4; lastKnownFileType = sourcecode.c.h; path = FriendListViewControllerTableViewController.h; sourceTree = "<group>"; };
		AF519D1A1EDB2E2D00A63AA1 /* FriendListViewControllerTableViewController.m */ = {isa = PBXFileReference; fileEncoding = 4; lastKnownFileType = sourcecode.c.objc; path = FriendListViewControllerTableViewController.m; sourceTree = "<group>"; };
		AF519D1C1EDB2E5E00A63AA1 /* UserSettingViewController.h */ = {isa = PBXFileReference; fileEncoding = 4; lastKnownFileType = sourcecode.c.h; path = UserSettingViewController.h; sourceTree = "<group>"; };
		AF519D1D1EDB2E5E00A63AA1 /* UserSettingViewController.m */ = {isa = PBXFileReference; fileEncoding = 4; lastKnownFileType = sourcecode.c.objc; path = UserSettingViewController.m; sourceTree = "<group>"; };
		AF519D1F1EDB371D00A63AA1 /* TarBarViewController.h */ = {isa = PBXFileReference; fileEncoding = 4; lastKnownFileType = sourcecode.c.h; path = TarBarViewController.h; sourceTree = "<group>"; };
		AF519D201EDB371D00A63AA1 /* TarBarViewController.m */ = {isa = PBXFileReference; fileEncoding = 4; lastKnownFileType = sourcecode.c.objc; path = TarBarViewController.m; sourceTree = "<group>"; };
		AF6E2BA81EEEAB9600533AA2 /* AddFriendsViewController.h */ = {isa = PBXFileReference; fileEncoding = 4; lastKnownFileType = sourcecode.c.h; path = AddFriendsViewController.h; sourceTree = "<group>"; };
		AF6E2BA91EEEAB9600533AA2 /* AddFriendsViewController.m */ = {isa = PBXFileReference; fileEncoding = 4; lastKnownFileType = sourcecode.c.objc; path = AddFriendsViewController.m; sourceTree = "<group>"; };
		AFB4D9121EEAE4290052FB9E /* Icon-58.png */ = {isa = PBXFileReference; lastKnownFileType = image.png; path = "Icon-58.png"; sourceTree = "<group>"; };
		AFB4D9131EEAE4290052FB9E /* Icon-80.png */ = {isa = PBXFileReference; lastKnownFileType = image.png; path = "Icon-80.png"; sourceTree = "<group>"; };
		AFB4D9141EEAE4290052FB9E /* Icon-114.png */ = {isa = PBXFileReference; lastKnownFileType = image.png; path = "Icon-114.png"; sourceTree = "<group>"; };
		AFD70D0F1EEAE1D000CED785 /* icon.jpeg */ = {isa = PBXFileReference; lastKnownFileType = image.jpeg; path = icon.jpeg; sourceTree = "<group>"; };
		AFEFDA841EF29D75006C7F13 /* NewFriendTableViewController.h */ = {isa = PBXFileReference; fileEncoding = 4; lastKnownFileType = sourcecode.c.h; path = NewFriendTableViewController.h; sourceTree = "<group>"; };
		AFEFDA851EF29D75006C7F13 /* NewFriendTableViewController.m */ = {isa = PBXFileReference; fileEncoding = 4; lastKnownFileType = sourcecode.c.objc; path = NewFriendTableViewController.m; sourceTree = "<group>"; };
		C96D50F514FD6A0127F6ECCB /* Pods-JpakeChatAppUITests.debug.xcconfig */ = {isa = PBXFileReference; includeInIndex = 1; lastKnownFileType = text.xcconfig; name = "Pods-JpakeChatAppUITests.debug.xcconfig"; path = "Pods/Target Support Files/Pods-JpakeChatAppUITests/Pods-JpakeChatAppUITests.debug.xcconfig"; sourceTree = "<group>"; };
		DC45FD6021131262DF6DB1CF /* Pods-JpakeChatApp.debug.xcconfig */ = {isa = PBXFileReference; includeInIndex = 1; lastKnownFileType = text.xcconfig; name = "Pods-JpakeChatApp.debug.xcconfig"; path = "Pods/Target Support Files/Pods-JpakeChatApp/Pods-JpakeChatApp.debug.xcconfig"; sourceTree = "<group>"; };
		DE8356D71D058E1500EB6CA4 /* Security.framework */ = {isa = PBXFileReference; lastKnownFileType = wrapper.framework; name = Security.framework; path = System/Library/Frameworks/Security.framework; sourceTree = SDKROOT; };
		DEBD2FD61D0229E300583242 /* NSData+AES256.h */ = {isa = PBXFileReference; fileEncoding = 4; lastKnownFileType = sourcecode.c.h; path = "NSData+AES256.h"; sourceTree = "<group>"; };
		DEBD2FD71D0229E300583242 /* NSData+AES256.m */ = {isa = PBXFileReference; fileEncoding = 4; lastKnownFileType = sourcecode.c.objc; path = "NSData+AES256.m"; sourceTree = "<group>"; };
		DEBD2FD91D02D99200583242 /* JpakeChatApp-Bridging-Header.h */ = {isa = PBXFileReference; lastKnownFileType = sourcecode.c.h; path = "JpakeChatApp-Bridging-Header.h"; sourceTree = "<group>"; };
		DED889531CCD1AFA00F4CE97 /* JpakeChatApp.app */ = {isa = PBXFileReference; explicitFileType = wrapper.application; includeInIndex = 0; path = JpakeChatApp.app; sourceTree = BUILT_PRODUCTS_DIR; };
		DED889571CCD1AFA00F4CE97 /* main.m */ = {isa = PBXFileReference; lastKnownFileType = sourcecode.c.objc; path = main.m; sourceTree = "<group>"; };
		DED889591CCD1AFA00F4CE97 /* AppDelegate.h */ = {isa = PBXFileReference; lastKnownFileType = sourcecode.c.h; path = AppDelegate.h; sourceTree = "<group>"; };
		DED8895A1CCD1AFA00F4CE97 /* AppDelegate.m */ = {isa = PBXFileReference; lastKnownFileType = sourcecode.c.objc; path = AppDelegate.m; sourceTree = "<group>"; };
		DED889651CCD1AFA00F4CE97 /* Assets.xcassets */ = {isa = PBXFileReference; lastKnownFileType = folder.assetcatalog; path = Assets.xcassets; sourceTree = "<group>"; };
		DED889681CCD1AFA00F4CE97 /* Base */ = {isa = PBXFileReference; lastKnownFileType = file.storyboard; name = Base; path = Base.lproj/LaunchScreen.storyboard; sourceTree = "<group>"; };
		DED8896A1CCD1AFA00F4CE97 /* Info.plist */ = {isa = PBXFileReference; lastKnownFileType = text.plist.xml; path = Info.plist; sourceTree = "<group>"; };
		DED8896F1CCD1AFA00F4CE97 /* JpakeChatAppTests.xctest */ = {isa = PBXFileReference; explicitFileType = wrapper.cfbundle; includeInIndex = 0; path = JpakeChatAppTests.xctest; sourceTree = BUILT_PRODUCTS_DIR; };
		DED889731CCD1AFA00F4CE97 /* JpakeChatAppTests.m */ = {isa = PBXFileReference; lastKnownFileType = sourcecode.c.objc; path = JpakeChatAppTests.m; sourceTree = "<group>"; };
		DED889751CCD1AFA00F4CE97 /* Info.plist */ = {isa = PBXFileReference; lastKnownFileType = text.plist.xml; path = Info.plist; sourceTree = "<group>"; };
		DED8897A1CCD1AFA00F4CE97 /* JpakeChatAppUITests.xctest */ = {isa = PBXFileReference; explicitFileType = wrapper.cfbundle; includeInIndex = 0; path = JpakeChatAppUITests.xctest; sourceTree = BUILT_PRODUCTS_DIR; };
		DED8897E1CCD1AFA00F4CE97 /* JpakeChatAppUITests.m */ = {isa = PBXFileReference; lastKnownFileType = sourcecode.c.objc; path = JpakeChatAppUITests.m; sourceTree = "<group>"; };
		DED889801CCD1AFA00F4CE97 /* Info.plist */ = {isa = PBXFileReference; lastKnownFileType = text.plist.xml; path = Info.plist; sourceTree = "<group>"; };
		DED8898C1CCD1B6000F4CE97 /* BigInteger.h */ = {isa = PBXFileReference; lastKnownFileType = sourcecode.c.h; path = BigInteger.h; sourceTree = "<group>"; };
		DED8898D1CCD1B7800F4CE97 /* jpakeKey.h */ = {isa = PBXFileReference; fileEncoding = 4; lastKnownFileType = sourcecode.c.h; path = jpakeKey.h; sourceTree = "<group>"; };
		DED8898E1CCD1B7800F4CE97 /* jpakeKey.m */ = {isa = PBXFileReference; fileEncoding = 4; lastKnownFileType = sourcecode.c.objc; path = jpakeKey.m; sourceTree = "<group>"; };
		DED8898F1CCD1B7800F4CE97 /* jpakeParms.h */ = {isa = PBXFileReference; fileEncoding = 4; lastKnownFileType = sourcecode.c.h; path = jpakeParms.h; sourceTree = "<group>"; };
		DED889901CCD1B7800F4CE97 /* jpakeParms.m */ = {isa = PBXFileReference; fileEncoding = 4; lastKnownFileType = sourcecode.c.objc; path = jpakeParms.m; sourceTree = "<group>"; };
		DED889911CCD1B7800F4CE97 /* jpakeparticipant.h */ = {isa = PBXFileReference; fileEncoding = 4; lastKnownFileType = sourcecode.c.h; path = jpakeparticipant.h; sourceTree = "<group>"; };
		DED889921CCD1B7800F4CE97 /* jpakeparticipant.m */ = {isa = PBXFileReference; fileEncoding = 4; lastKnownFileType = sourcecode.c.objc; path = jpakeparticipant.m; sourceTree = "<group>"; };
		DED889931CCD1B7800F4CE97 /* JpakeRound1Payload.h */ = {isa = PBXFileReference; fileEncoding = 4; lastKnownFileType = sourcecode.c.h; path = JpakeRound1Payload.h; sourceTree = "<group>"; };
		DED889941CCD1B7800F4CE97 /* JpakeRound1Payload.m */ = {isa = PBXFileReference; fileEncoding = 4; lastKnownFileType = sourcecode.c.objc; path = JpakeRound1Payload.m; sourceTree = "<group>"; };
		DED889951CCD1B7800F4CE97 /* JpakeRound2Payload.h */ = {isa = PBXFileReference; fileEncoding = 4; lastKnownFileType = sourcecode.c.h; path = JpakeRound2Payload.h; sourceTree = "<group>"; };
		DED889961CCD1B7800F4CE97 /* JpakeRound2Payload.m */ = {isa = PBXFileReference; fileEncoding = 4; lastKnownFileType = sourcecode.c.objc; path = JpakeRound2Payload.m; sourceTree = "<group>"; };
		DED889971CCD1B7800F4CE97 /* JpakeRound3Payload.h */ = {isa = PBXFileReference; fileEncoding = 4; lastKnownFileType = sourcecode.c.h; path = JpakeRound3Payload.h; sourceTree = "<group>"; };
		DED889981CCD1B7800F4CE97 /* JpakeRound3Payload.m */ = {isa = PBXFileReference; fileEncoding = 4; lastKnownFileType = sourcecode.c.objc; path = JpakeRound3Payload.m; sourceTree = "<group>"; };
		DED889991CCD1B7800F4CE97 /* jpakeUtils.h */ = {isa = PBXFileReference; fileEncoding = 4; lastKnownFileType = sourcecode.c.h; path = jpakeUtils.h; sourceTree = "<group>"; };
		DED8899A1CCD1B7800F4CE97 /* jpakeUtils.m */ = {isa = PBXFileReference; fileEncoding = 4; lastKnownFileType = sourcecode.c.objc; path = jpakeUtils.m; sourceTree = "<group>"; };
		DED889A21CCD1B8800F4CE97 /* NSData+conversion.h */ = {isa = PBXFileReference; fileEncoding = 4; lastKnownFileType = sourcecode.c.h; path = "NSData+conversion.h"; sourceTree = "<group>"; };
		DED889A31CCD1B8800F4CE97 /* NSData+conversion.m */ = {isa = PBXFileReference; fileEncoding = 4; lastKnownFileType = sourcecode.c.objc; path = "NSData+conversion.m"; sourceTree = "<group>"; };
		DED889A41CCD1B8800F4CE97 /* NSString+SHA256.h */ = {isa = PBXFileReference; fileEncoding = 4; lastKnownFileType = sourcecode.c.h; path = "NSString+SHA256.h"; sourceTree = "<group>"; };
		DED889A51CCD1B8800F4CE97 /* NSString+SHA256.m */ = {isa = PBXFileReference; fileEncoding = 4; lastKnownFileType = sourcecode.c.objc; path = "NSString+SHA256.m"; sourceTree = "<group>"; };
		DED889A81CCD1B9800F4CE97 /* libBigInteger-iOS.a */ = {isa = PBXFileReference; lastKnownFileType = archive.ar; path = "libBigInteger-iOS.a"; sourceTree = "<group>"; };
		DED889AA1CCD1BA600F4CE97 /* InboxTableViewController.h */ = {isa = PBXFileReference; fileEncoding = 4; lastKnownFileType = sourcecode.c.h; path = InboxTableViewController.h; sourceTree = "<group>"; };
		DED889AB1CCD1BA600F4CE97 /* InboxTableViewController.m */ = {isa = PBXFileReference; fileEncoding = 4; lastKnownFileType = sourcecode.c.objc; path = InboxTableViewController.m; sourceTree = "<group>"; };
		DED889AD1CCD1BB500F4CE97 /* LoginViewController.h */ = {isa = PBXFileReference; fileEncoding = 4; lastKnownFileType = sourcecode.c.h; path = LoginViewController.h; sourceTree = "<group>"; };
		DED889AE1CCD1BB500F4CE97 /* LoginViewController.m */ = {isa = PBXFileReference; fileEncoding = 4; lastKnownFileType = sourcecode.c.objc; path = LoginViewController.m; sourceTree = "<group>"; };
		DED889B01CCD1BC000F4CE97 /* User.h */ = {isa = PBXFileReference; fileEncoding = 4; lastKnownFileType = sourcecode.c.h; path = User.h; sourceTree = "<group>"; };
		DED889B11CCD1BC000F4CE97 /* User.m */ = {isa = PBXFileReference; fileEncoding = 4; lastKnownFileType = sourcecode.c.objc; path = User.m; sourceTree = "<group>"; };
		DED889B31CCD1BCE00F4CE97 /* DataBasics.h */ = {isa = PBXFileReference; fileEncoding = 4; lastKnownFileType = sourcecode.c.h; path = DataBasics.h; sourceTree = "<group>"; };
		DED889B41CCD1BCE00F4CE97 /* DataBasics.m */ = {isa = PBXFileReference; fileEncoding = 4; lastKnownFileType = sourcecode.c.objc; path = DataBasics.m; sourceTree = "<group>"; };
		DED889B71CCD1C3900F4CE97 /* signupViewController.h */ = {isa = PBXFileReference; fileEncoding = 4; lastKnownFileType = sourcecode.c.h; path = signupViewController.h; sourceTree = "<group>"; };
		DED889B81CCD1C3900F4CE97 /* signupViewController.m */ = {isa = PBXFileReference; fileEncoding = 4; lastKnownFileType = sourcecode.c.objc; path = signupViewController.m; sourceTree = "<group>"; };
		DED889C01CCD205800F4CE97 /* JParticipant.h */ = {isa = PBXFileReference; fileEncoding = 4; lastKnownFileType = sourcecode.c.h; path = JParticipant.h; sourceTree = "<group>"; };
		DED889C11CCD205800F4CE97 /* JParticipant.m */ = {isa = PBXFileReference; fileEncoding = 4; lastKnownFileType = sourcecode.c.objc; path = JParticipant.m; sourceTree = "<group>"; };
		DED889C21CCD205800F4CE97 /* JParticipant+CoreDataProperties.h */ = {isa = PBXFileReference; fileEncoding = 4; lastKnownFileType = sourcecode.c.h; path = "JParticipant+CoreDataProperties.h"; sourceTree = "<group>"; };
		DED889C31CCD205800F4CE97 /* JParticipant+CoreDataProperties.m */ = {isa = PBXFileReference; fileEncoding = 4; lastKnownFileType = sourcecode.c.objc; path = "JParticipant+CoreDataProperties.m"; sourceTree = "<group>"; };
		DED889C81CCD207E00F4CE97 /* theCoreDataStack.h */ = {isa = PBXFileReference; fileEncoding = 4; lastKnownFileType = sourcecode.c.h; path = theCoreDataStack.h; sourceTree = "<group>"; };
		DED889C91CCD207E00F4CE97 /* theCoreDataStack.m */ = {isa = PBXFileReference; fileEncoding = 4; lastKnownFileType = sourcecode.c.objc; path = theCoreDataStack.m; sourceTree = "<group>"; };
		DEED44D31CFE211C00397F6F /* JKey+CoreDataProperties.h */ = {isa = PBXFileReference; fileEncoding = 4; lastKnownFileType = sourcecode.c.h; path = "JKey+CoreDataProperties.h"; sourceTree = "<group>"; };
		DEED44D41CFE211C00397F6F /* JKey+CoreDataProperties.m */ = {isa = PBXFileReference; fileEncoding = 4; lastKnownFileType = sourcecode.c.objc; path = "JKey+CoreDataProperties.m"; sourceTree = "<group>"; };
		DEED44D51CFE211C00397F6F /* JKey.h */ = {isa = PBXFileReference; fileEncoding = 4; lastKnownFileType = sourcecode.c.h; path = JKey.h; sourceTree = "<group>"; };
		DEED44D61CFE211C00397F6F /* JKey.m */ = {isa = PBXFileReference; fileEncoding = 4; lastKnownFileType = sourcecode.c.objc; path = JKey.m; sourceTree = "<group>"; };
		DEED44D91CFEFABD00397F6F /* ChatVCTableViewController.h */ = {isa = PBXFileReference; fileEncoding = 4; lastKnownFileType = sourcecode.c.h; path = ChatVCTableViewController.h; sourceTree = "<group>"; };
		DEED44DA1CFEFABD00397F6F /* ChatVCTableViewController.m */ = {isa = PBXFileReference; fileEncoding = 4; lastKnownFileType = sourcecode.c.objc; path = ChatVCTableViewController.m; sourceTree = "<group>"; };
		DEED44E61D004FEA00397F6F /* JpakeChatApp.xcdatamodel */ = {isa = PBXFileReference; lastKnownFileType = wrapper.xcdatamodel; path = JpakeChatApp.xcdatamodel; sourceTree = "<group>"; };
		F93C55C97E51384768D15E09 /* Pods-JpakeChatAppUITests.release.xcconfig */ = {isa = PBXFileReference; includeInIndex = 1; lastKnownFileType = text.xcconfig; name = "Pods-JpakeChatAppUITests.release.xcconfig"; path = "Pods/Target Support Files/Pods-JpakeChatAppUITests/Pods-JpakeChatAppUITests.release.xcconfig"; sourceTree = "<group>"; };
		FA11B0A3FDD1F90168EA4085 /* Pods-JpakeChatAppTests.debug.xcconfig */ = {isa = PBXFileReference; includeInIndex = 1; lastKnownFileType = text.xcconfig; name = "Pods-JpakeChatAppTests.debug.xcconfig"; path = "Pods/Target Support Files/Pods-JpakeChatAppTests/Pods-JpakeChatAppTests.debug.xcconfig"; sourceTree = "<group>"; };
/* End PBXFileReference section */

/* Begin PBXFrameworksBuildPhase section */
		DED889501CCD1AFA00F4CE97 /* Frameworks */ = {
			isa = PBXFrameworksBuildPhase;
			buildActionMask = 2147483647;
			files = (
				AF2DD90C1ECDDDA0005E7EF8 /* FBSDKCoreKit.framework in Frameworks */,
				DE8356D81D058E1500EB6CA4 /* Security.framework in Frameworks */,
				AF2DD90F1ECDDDA0005E7EF8 /* FBSDKLoginKit.framework in Frameworks */,
				AF2DD9121ECDDDA0005E7EF8 /* FBSDKShareKit.framework in Frameworks */,
				DED889A91CCD1B9800F4CE97 /* libBigInteger-iOS.a in Frameworks */,
				C0F100A3B6D8A326E19219C9 /* libPods-JpakeChatApp.a in Frameworks */,
				AF2DD9091ECDDDA0005E7EF8 /* Bolts.framework in Frameworks */,
			);
			runOnlyForDeploymentPostprocessing = 0;
		};
		DED8896C1CCD1AFA00F4CE97 /* Frameworks */ = {
			isa = PBXFrameworksBuildPhase;
			buildActionMask = 2147483647;
			files = (
				25CE593E735A60F04457A747 /* libPods-JpakeChatAppTests.a in Frameworks */,
				AF2DD90D1ECDDDA0005E7EF8 /* FBSDKCoreKit.framework in Frameworks */,
				AF2DD9131ECDDDA0005E7EF8 /* FBSDKShareKit.framework in Frameworks */,
				AF2DD9101ECDDDA0005E7EF8 /* FBSDKLoginKit.framework in Frameworks */,
				AF2DD90A1ECDDDA0005E7EF8 /* Bolts.framework in Frameworks */,
			);
			runOnlyForDeploymentPostprocessing = 0;
		};
		DED889771CCD1AFA00F4CE97 /* Frameworks */ = {
			isa = PBXFrameworksBuildPhase;
			buildActionMask = 2147483647;
			files = (
				887E7B3D8322E8241020B658 /* libPods-JpakeChatAppUITests.a in Frameworks */,
				AF2DD90E1ECDDDA0005E7EF8 /* FBSDKCoreKit.framework in Frameworks */,
				AF2DD9141ECDDDA0005E7EF8 /* FBSDKShareKit.framework in Frameworks */,
				AF2DD9111ECDDDA0005E7EF8 /* FBSDKLoginKit.framework in Frameworks */,
				AF2DD90B1ECDDDA0005E7EF8 /* Bolts.framework in Frameworks */,
			);
			runOnlyForDeploymentPostprocessing = 0;
		};
/* End PBXFrameworksBuildPhase section */

/* Begin PBXGroup section */
		2CCB04083E6A896362904EF0 /* Frameworks */ = {
			isa = PBXGroup;
			children = (
				AF2DD9051ECDDDA0005E7EF8 /* Bolts.framework */,
				AF2DD9061ECDDDA0005E7EF8 /* FBSDKCoreKit.framework */,
				AF2DD9071ECDDDA0005E7EF8 /* FBSDKLoginKit.framework */,
				AF2DD9081ECDDDA0005E7EF8 /* FBSDKShareKit.framework */,
				DE8356D71D058E1500EB6CA4 /* Security.framework */,
				8B72DF1DB16B9C55EC65868E /* libPods-JpakeChatApp.a */,
				513A9110B52232B38B77BDA4 /* libPods-JpakeChatAppTests.a */,
				8F4479D1200AC59A6F822D13 /* libPods-JpakeChatAppUITests.a */,
			);
			name = Frameworks;
			sourceTree = "<group>";
		};
		5DA8E6D91E4CB9C09672271D /* Pods */ = {
			isa = PBXGroup;
			children = (
				DC45FD6021131262DF6DB1CF /* Pods-JpakeChatApp.debug.xcconfig */,
				891EC5BAD1DD301EEE1AF564 /* Pods-JpakeChatApp.release.xcconfig */,
				FA11B0A3FDD1F90168EA4085 /* Pods-JpakeChatAppTests.debug.xcconfig */,
				2B96C523D626C040BF75157E /* Pods-JpakeChatAppTests.release.xcconfig */,
				C96D50F514FD6A0127F6ECCB /* Pods-JpakeChatAppUITests.debug.xcconfig */,
				F93C55C97E51384768D15E09 /* Pods-JpakeChatAppUITests.release.xcconfig */,
			);
			name = Pods;
			sourceTree = "<group>";
		};
		DE7035B61D12A130009010D9 /* CoreData Models */ = {
			isa = PBXGroup;
			children = (
				DED889C01CCD205800F4CE97 /* JParticipant.h */,
				DED889C11CCD205800F4CE97 /* JParticipant.m */,
				DEED44D31CFE211C00397F6F /* JKey+CoreDataProperties.h */,
				DEED44D41CFE211C00397F6F /* JKey+CoreDataProperties.m */,
				DEED44D51CFE211C00397F6F /* JKey.h */,
				DEED44D61CFE211C00397F6F /* JKey.m */,
				DED889C21CCD205800F4CE97 /* JParticipant+CoreDataProperties.h */,
				DED889C31CCD205800F4CE97 /* JParticipant+CoreDataProperties.m */,
			);
			name = "CoreData Models";
			sourceTree = "<group>";
		};
		DE7035B71D12A195009010D9 /* Categories */ = {
			isa = PBXGroup;
			children = (
				DEBD2FD61D0229E300583242 /* NSData+AES256.h */,
				DEBD2FD71D0229E300583242 /* NSData+AES256.m */,
				DED889A41CCD1B8800F4CE97 /* NSString+SHA256.h */,
				DED889A51CCD1B8800F4CE97 /* NSString+SHA256.m */,
				DED889A21CCD1B8800F4CE97 /* NSData+conversion.h */,
				DED889A31CCD1B8800F4CE97 /* NSData+conversion.m */,
			);
			name = Categories;
			sourceTree = "<group>";
		};
		DED8894A1CCD1AF900F4CE97 = {
			isa = PBXGroup;
			children = (
				DED889551CCD1AFA00F4CE97 /* JpakeChatApp */,
				DED889721CCD1AFA00F4CE97 /* JpakeChatAppTests */,
				DED8897D1CCD1AFA00F4CE97 /* JpakeChatAppUITests */,
				DED889541CCD1AFA00F4CE97 /* Products */,
				2CCB04083E6A896362904EF0 /* Frameworks */,
				DEBD2FD91D02D99200583242 /* JpakeChatApp-Bridging-Header.h */,
				5DA8E6D91E4CB9C09672271D /* Pods */,
			);
			sourceTree = "<group>";
		};
		DED889541CCD1AFA00F4CE97 /* Products */ = {
			isa = PBXGroup;
			children = (
				DED889531CCD1AFA00F4CE97 /* JpakeChatApp.app */,
				DED8896F1CCD1AFA00F4CE97 /* JpakeChatAppTests.xctest */,
				DED8897A1CCD1AFA00F4CE97 /* JpakeChatAppUITests.xctest */,
			);
			name = Products;
			sourceTree = "<group>";
		};
		DED889551CCD1AFA00F4CE97 /* JpakeChatApp */ = {
			isa = PBXGroup;
			children = (
				DE7035B61D12A130009010D9 /* CoreData Models */,
				DED889C81CCD207E00F4CE97 /* theCoreDataStack.h */,
				DED889C91CCD207E00F4CE97 /* theCoreDataStack.m */,
				DED889591CCD1AFA00F4CE97 /* AppDelegate.h */,
				DED8895A1CCD1AFA00F4CE97 /* AppDelegate.m */,
				DEED44E51D004FEA00397F6F /* JpakeChatApp.xcdatamodeld */,
				DED889B31CCD1BCE00F4CE97 /* DataBasics.h */,
				DED889B41CCD1BCE00F4CE97 /* DataBasics.m */,
				DED889B01CCD1BC000F4CE97 /* User.h */,
				DED889B11CCD1BC000F4CE97 /* User.m */,
				DED889AA1CCD1BA600F4CE97 /* InboxTableViewController.h */,
				DED889AB1CCD1BA600F4CE97 /* InboxTableViewController.m */,
				DEED44D91CFEFABD00397F6F /* ChatVCTableViewController.h */,
				DEED44DA1CFEFABD00397F6F /* ChatVCTableViewController.m */,
				AF2DD91A1ED2F800005E7EF8 /* Main.storyboard */,
				AFEFDA841EF29D75006C7F13 /* NewFriendTableViewController.h */,
				AFEFDA851EF29D75006C7F13 /* NewFriendTableViewController.m */,
				AF519D1F1EDB371D00A63AA1 /* TarBarViewController.h */,
				AF519D201EDB371D00A63AA1 /* TarBarViewController.m */,
				AF519D191EDB2E2D00A63AA1 /* FriendListViewControllerTableViewController.h */,
				AF519D1A1EDB2E2D00A63AA1 /* FriendListViewControllerTableViewController.m */,
				AF519D1C1EDB2E5E00A63AA1 /* UserSettingViewController.h */,
				AF519D1D1EDB2E5E00A63AA1 /* UserSettingViewController.m */,
				AF6E2BA81EEEAB9600533AA2 /* AddFriendsViewController.h */,
				AF6E2BA91EEEAB9600533AA2 /* AddFriendsViewController.m */,
				DE7035B71D12A195009010D9 /* Categories */,
				DED889AD1CCD1BB500F4CE97 /* LoginViewController.h */,
				DED889AE1CCD1BB500F4CE97 /* LoginViewController.m */,
				DED889B71CCD1C3900F4CE97 /* signupViewController.h */,
				DED889B81CCD1C3900F4CE97 /* signupViewController.m */,
				DED889B61CCD1BF200F4CE97 /* jpake */,
				DED889651CCD1AFA00F4CE97 /* Assets.xcassets */,
				AFB4D9121EEAE4290052FB9E /* Icon-58.png */,
				AFB4D9131EEAE4290052FB9E /* Icon-80.png */,
				AFB4D9141EEAE4290052FB9E /* Icon-114.png */,
				AFD70D0F1EEAE1D000CED785 /* icon.jpeg */,
				DED889671CCD1AFA00F4CE97 /* LaunchScreen.storyboard */,
				AF2D06991EC352030023496C /* GoogleService-Info.plist */,
				DED8896A1CCD1AFA00F4CE97 /* Info.plist */,
				DED889561CCD1AFA00F4CE97 /* Supporting Files */,
			);
			path = JpakeChatApp;
			sourceTree = "<group>";
		};
		DED889561CCD1AFA00F4CE97 /* Supporting Files */ = {
			isa = PBXGroup;
			children = (
				AF31F36B1EC9C1EA00A459D6 /* Cherry Wood */,
				DED889571CCD1AFA00F4CE97 /* main.m */,
			);
			name = "Supporting Files";
			sourceTree = "<group>";
		};
		DED889721CCD1AFA00F4CE97 /* JpakeChatAppTests */ = {
			isa = PBXGroup;
			children = (
				AF2D069B1EC355130023496C /* Tests-Info.plist */,
				DED889731CCD1AFA00F4CE97 /* JpakeChatAppTests.m */,
				DED889751CCD1AFA00F4CE97 /* Info.plist */,
			);
			path = JpakeChatAppTests;
			sourceTree = "<group>";
		};
		DED8897D1CCD1AFA00F4CE97 /* JpakeChatAppUITests */ = {
			isa = PBXGroup;
			children = (
				AF2D069D1EC356DF0023496C /* UITests-Info.plist */,
				DED8897E1CCD1AFA00F4CE97 /* JpakeChatAppUITests.m */,
				DED889801CCD1AFA00F4CE97 /* Info.plist */,
			);
			path = JpakeChatAppUITests;
			sourceTree = "<group>";
		};
		DED889B61CCD1BF200F4CE97 /* jpake */ = {
			isa = PBXGroup;
			children = (
				DED889A81CCD1B9800F4CE97 /* libBigInteger-iOS.a */,
				DED8898E1CCD1B7800F4CE97 /* jpakeKey.m */,
				DED8898D1CCD1B7800F4CE97 /* jpakeKey.h */,
				DED8898F1CCD1B7800F4CE97 /* jpakeParms.h */,
				DED889901CCD1B7800F4CE97 /* jpakeParms.m */,
				DED8898C1CCD1B6000F4CE97 /* BigInteger.h */,
				DED889911CCD1B7800F4CE97 /* jpakeparticipant.h */,
				DED889921CCD1B7800F4CE97 /* jpakeparticipant.m */,
				DED889931CCD1B7800F4CE97 /* JpakeRound1Payload.h */,
				DED889941CCD1B7800F4CE97 /* JpakeRound1Payload.m */,
				DED889951CCD1B7800F4CE97 /* JpakeRound2Payload.h */,
				DED889961CCD1B7800F4CE97 /* JpakeRound2Payload.m */,
				DED889971CCD1B7800F4CE97 /* JpakeRound3Payload.h */,
				DED889981CCD1B7800F4CE97 /* JpakeRound3Payload.m */,
				DED889991CCD1B7800F4CE97 /* jpakeUtils.h */,
				DED8899A1CCD1B7800F4CE97 /* jpakeUtils.m */,
			);
			name = jpake;
			sourceTree = "<group>";
		};
/* End PBXGroup section */

/* Begin PBXNativeTarget section */
		DED889521CCD1AFA00F4CE97 /* JpakeChatApp */ = {
			isa = PBXNativeTarget;
			buildConfigurationList = DED889831CCD1AFA00F4CE97 /* Build configuration list for PBXNativeTarget "JpakeChatApp" */;
			buildPhases = (
				5EED81F515DF8608330B37C4 /* [CP] Check Pods Manifest.lock */,
				DED8894F1CCD1AFA00F4CE97 /* Sources */,
				DED889501CCD1AFA00F4CE97 /* Frameworks */,
				DED889511CCD1AFA00F4CE97 /* Resources */,
				10CA3936D6BC66A402921FD4 /* [CP] Embed Pods Frameworks */,
				D3946D4D0D3F9C1E864CCA66 /* [CP] Copy Pods Resources */,
			);
			buildRules = (
			);
			dependencies = (
			);
			name = JpakeChatApp;
			productName = JpakeChatApp;
			productReference = DED889531CCD1AFA00F4CE97 /* JpakeChatApp.app */;
			productType = "com.apple.product-type.application";
		};
		DED8896E1CCD1AFA00F4CE97 /* JpakeChatAppTests */ = {
			isa = PBXNativeTarget;
			buildConfigurationList = DED889861CCD1AFA00F4CE97 /* Build configuration list for PBXNativeTarget "JpakeChatAppTests" */;
			buildPhases = (
				80C7AD5F4C0D48FA769B5B2C /* [CP] Check Pods Manifest.lock */,
				DED8896B1CCD1AFA00F4CE97 /* Sources */,
				DED8896C1CCD1AFA00F4CE97 /* Frameworks */,
				DED8896D1CCD1AFA00F4CE97 /* Resources */,
				B4FA420C1584FA7C0A76C9CA /* [CP] Embed Pods Frameworks */,
				111B5D67F127B4D9A4299682 /* [CP] Copy Pods Resources */,
			);
			buildRules = (
			);
			dependencies = (
				DED889711CCD1AFA00F4CE97 /* PBXTargetDependency */,
			);
			name = JpakeChatAppTests;
			productName = JpakeChatAppTests;
			productReference = DED8896F1CCD1AFA00F4CE97 /* JpakeChatAppTests.xctest */;
			productType = "com.apple.product-type.bundle.unit-test";
		};
		DED889791CCD1AFA00F4CE97 /* JpakeChatAppUITests */ = {
			isa = PBXNativeTarget;
			buildConfigurationList = DED889891CCD1AFA00F4CE97 /* Build configuration list for PBXNativeTarget "JpakeChatAppUITests" */;
			buildPhases = (
				115A2137EAA90FAC2B3A4B04 /* [CP] Check Pods Manifest.lock */,
				DED889761CCD1AFA00F4CE97 /* Sources */,
				DED889771CCD1AFA00F4CE97 /* Frameworks */,
				DED889781CCD1AFA00F4CE97 /* Resources */,
				2151EE1AB52248E6AB1CCB39 /* [CP] Embed Pods Frameworks */,
				D07A8B860A2AEFA8A8DAB9A2 /* [CP] Copy Pods Resources */,
			);
			buildRules = (
			);
			dependencies = (
				DED8897C1CCD1AFA00F4CE97 /* PBXTargetDependency */,
			);
			name = JpakeChatAppUITests;
			productName = JpakeChatAppUITests;
			productReference = DED8897A1CCD1AFA00F4CE97 /* JpakeChatAppUITests.xctest */;
			productType = "com.apple.product-type.bundle.ui-testing";
		};
/* End PBXNativeTarget section */

/* Begin PBXProject section */
		DED8894B1CCD1AFA00F4CE97 /* Project object */ = {
			isa = PBXProject;
			attributes = {
				LastSwiftUpdateCheck = 0730;
				LastUpgradeCheck = 0830;
				ORGANIZATIONNAME = "newcastle university";
				TargetAttributes = {
					DED889521CCD1AFA00F4CE97 = {
						CreatedOnToolsVersion = 7.2.1;
						DevelopmentTeam = X7BDHAQC53;
					};
					DED8896E1CCD1AFA00F4CE97 = {
						CreatedOnToolsVersion = 7.2.1;
						TestTargetID = DED889521CCD1AFA00F4CE97;
					};
					DED889791CCD1AFA00F4CE97 = {
						CreatedOnToolsVersion = 7.2.1;
						TestTargetID = DED889521CCD1AFA00F4CE97;
					};
				};
			};
			buildConfigurationList = DED8894E1CCD1AFA00F4CE97 /* Build configuration list for PBXProject "JpakeChatApp" */;
			compatibilityVersion = "Xcode 3.2";
			developmentRegion = English;
			hasScannedForEncodings = 0;
			knownRegions = (
				en,
				Base,
			);
			mainGroup = DED8894A1CCD1AF900F4CE97;
			productRefGroup = DED889541CCD1AFA00F4CE97 /* Products */;
			projectDirPath = "";
			projectRoot = "";
			targets = (
				DED889521CCD1AFA00F4CE97 /* JpakeChatApp */,
				DED8896E1CCD1AFA00F4CE97 /* JpakeChatAppTests */,
				DED889791CCD1AFA00F4CE97 /* JpakeChatAppUITests */,
			);
		};
/* End PBXProject section */

/* Begin PBXResourcesBuildPhase section */
		DED889511CCD1AFA00F4CE97 /* Resources */ = {
			isa = PBXResourcesBuildPhase;
			buildActionMask = 2147483647;
			files = (
				AFB4D9151EEAE4290052FB9E /* Icon-58.png in Resources */,
				AF31F36C1EC9C1EA00A459D6 /* Cherry Wood in Resources */,
				AF2DD91B1ED2F800005E7EF8 /* Main.storyboard in Resources */,
				AFD70D101EEAE1D000CED785 /* icon.jpeg in Resources */,
				AFB4D9161EEAE4290052FB9E /* Icon-80.png in Resources */,
				AF2D069A1EC352030023496C /* GoogleService-Info.plist in Resources */,
				DED889691CCD1AFA00F4CE97 /* LaunchScreen.storyboard in Resources */,
				AFB4D9171EEAE4290052FB9E /* Icon-114.png in Resources */,
				DED889661CCD1AFA00F4CE97 /* Assets.xcassets in Resources */,
			);
			runOnlyForDeploymentPostprocessing = 0;
		};
		DED8896D1CCD1AFA00F4CE97 /* Resources */ = {
			isa = PBXResourcesBuildPhase;
			buildActionMask = 2147483647;
			files = (
			);
			runOnlyForDeploymentPostprocessing = 0;
		};
		DED889781CCD1AFA00F4CE97 /* Resources */ = {
			isa = PBXResourcesBuildPhase;
			buildActionMask = 2147483647;
			files = (
			);
			runOnlyForDeploymentPostprocessing = 0;
		};
/* End PBXResourcesBuildPhase section */

/* Begin PBXShellScriptBuildPhase section */
		10CA3936D6BC66A402921FD4 /* [CP] Embed Pods Frameworks */ = {
			isa = PBXShellScriptBuildPhase;
			buildActionMask = 2147483647;
			files = (
			);
			inputPaths = (
			);
			name = "[CP] Embed Pods Frameworks";
			outputPaths = (
			);
			runOnlyForDeploymentPostprocessing = 0;
			shellPath = /bin/sh;
			shellScript = "\"${SRCROOT}/Pods/Target Support Files/Pods-JpakeChatApp/Pods-JpakeChatApp-frameworks.sh\"\n";
			showEnvVarsInLog = 0;
		};
		111B5D67F127B4D9A4299682 /* [CP] Copy Pods Resources */ = {
			isa = PBXShellScriptBuildPhase;
			buildActionMask = 2147483647;
			files = (
			);
			inputPaths = (
			);
			name = "[CP] Copy Pods Resources";
			outputPaths = (
			);
			runOnlyForDeploymentPostprocessing = 0;
			shellPath = /bin/sh;
			shellScript = "\"${SRCROOT}/Pods/Target Support Files/Pods-JpakeChatAppTests/Pods-JpakeChatAppTests-resources.sh\"\n";
			showEnvVarsInLog = 0;
		};
		115A2137EAA90FAC2B3A4B04 /* [CP] Check Pods Manifest.lock */ = {
			isa = PBXShellScriptBuildPhase;
			buildActionMask = 2147483647;
			files = (
			);
			inputPaths = (
			);
			name = "[CP] Check Pods Manifest.lock";
			outputPaths = (
			);
			runOnlyForDeploymentPostprocessing = 0;
			shellPath = /bin/sh;
			shellScript = "diff \"${PODS_PODFILE_DIR_PATH}/Podfile.lock\" \"${PODS_ROOT}/Manifest.lock\" > /dev/null\nif [ $? != 0 ] ; then\n    # print error to STDERR\n    echo \"error: The sandbox is not in sync with the Podfile.lock. Run 'pod install' or update your CocoaPods installation.\" >&2\n    exit 1\nfi\n";
			showEnvVarsInLog = 0;
		};
		2151EE1AB52248E6AB1CCB39 /* [CP] Embed Pods Frameworks */ = {
			isa = PBXShellScriptBuildPhase;
			buildActionMask = 2147483647;
			files = (
			);
			inputPaths = (
			);
			name = "[CP] Embed Pods Frameworks";
			outputPaths = (
			);
			runOnlyForDeploymentPostprocessing = 0;
			shellPath = /bin/sh;
			shellScript = "\"${SRCROOT}/Pods/Target Support Files/Pods-JpakeChatAppUITests/Pods-JpakeChatAppUITests-frameworks.sh\"\n";
			showEnvVarsInLog = 0;
		};
		5EED81F515DF8608330B37C4 /* [CP] Check Pods Manifest.lock */ = {
			isa = PBXShellScriptBuildPhase;
			buildActionMask = 2147483647;
			files = (
			);
			inputPaths = (
			);
			name = "[CP] Check Pods Manifest.lock";
			outputPaths = (
			);
			runOnlyForDeploymentPostprocessing = 0;
			shellPath = /bin/sh;
			shellScript = "diff \"${PODS_PODFILE_DIR_PATH}/Podfile.lock\" \"${PODS_ROOT}/Manifest.lock\" > /dev/null\nif [ $? != 0 ] ; then\n    # print error to STDERR\n    echo \"error: The sandbox is not in sync with the Podfile.lock. Run 'pod install' or update your CocoaPods installation.\" >&2\n    exit 1\nfi\n";
			showEnvVarsInLog = 0;
		};
		80C7AD5F4C0D48FA769B5B2C /* [CP] Check Pods Manifest.lock */ = {
			isa = PBXShellScriptBuildPhase;
			buildActionMask = 2147483647;
			files = (
			);
			inputPaths = (
			);
			name = "[CP] Check Pods Manifest.lock";
			outputPaths = (
			);
			runOnlyForDeploymentPostprocessing = 0;
			shellPath = /bin/sh;
			shellScript = "diff \"${PODS_PODFILE_DIR_PATH}/Podfile.lock\" \"${PODS_ROOT}/Manifest.lock\" > /dev/null\nif [ $? != 0 ] ; then\n    # print error to STDERR\n    echo \"error: The sandbox is not in sync with the Podfile.lock. Run 'pod install' or update your CocoaPods installation.\" >&2\n    exit 1\nfi\n";
			showEnvVarsInLog = 0;
		};
		B4FA420C1584FA7C0A76C9CA /* [CP] Embed Pods Frameworks */ = {
			isa = PBXShellScriptBuildPhase;
			buildActionMask = 2147483647;
			files = (
			);
			inputPaths = (
			);
			name = "[CP] Embed Pods Frameworks";
			outputPaths = (
			);
			runOnlyForDeploymentPostprocessing = 0;
			shellPath = /bin/sh;
			shellScript = "\"${SRCROOT}/Pods/Target Support Files/Pods-JpakeChatAppTests/Pods-JpakeChatAppTests-frameworks.sh\"\n";
			showEnvVarsInLog = 0;
		};
		D07A8B860A2AEFA8A8DAB9A2 /* [CP] Copy Pods Resources */ = {
			isa = PBXShellScriptBuildPhase;
			buildActionMask = 2147483647;
			files = (
			);
			inputPaths = (
			);
			name = "[CP] Copy Pods Resources";
			outputPaths = (
			);
			runOnlyForDeploymentPostprocessing = 0;
			shellPath = /bin/sh;
			shellScript = "\"${SRCROOT}/Pods/Target Support Files/Pods-JpakeChatAppUITests/Pods-JpakeChatAppUITests-resources.sh\"\n";
			showEnvVarsInLog = 0;
		};
		D3946D4D0D3F9C1E864CCA66 /* [CP] Copy Pods Resources */ = {
			isa = PBXShellScriptBuildPhase;
			buildActionMask = 2147483647;
			files = (
			);
			inputPaths = (
			);
			name = "[CP] Copy Pods Resources";
			outputPaths = (
			);
			runOnlyForDeploymentPostprocessing = 0;
			shellPath = /bin/sh;
			shellScript = "\"${SRCROOT}/Pods/Target Support Files/Pods-JpakeChatApp/Pods-JpakeChatApp-resources.sh\"\n";
			showEnvVarsInLog = 0;
		};
/* End PBXShellScriptBuildPhase section */

/* Begin PBXSourcesBuildPhase section */
		DED8894F1CCD1AFA00F4CE97 /* Sources */ = {
			isa = PBXSourcesBuildPhase;
			buildActionMask = 2147483647;
			files = (
				AF6E2BAA1EEEAB9600533AA2 /* AddFriendsViewController.m in Sources */,
				DEED44D71CFE211C00397F6F /* JKey+CoreDataProperties.m in Sources */,
				DED889CA1CCD207E00F4CE97 /* theCoreDataStack.m in Sources */,
				AF519D1E1EDB2E5E00A63AA1 /* UserSettingViewController.m in Sources */,
				DED889B21CCD1BC000F4CE97 /* User.m in Sources */,
				DED8899D1CCD1B7800F4CE97 /* jpakeparticipant.m in Sources */,
				DED8899F1CCD1B7800F4CE97 /* JpakeRound2Payload.m in Sources */,
				DED889A61CCD1B8800F4CE97 /* NSData+conversion.m in Sources */,
				DEED44DB1CFEFABD00397F6F /* ChatVCTableViewController.m in Sources */,
				DED8899B1CCD1B7800F4CE97 /* jpakeKey.m in Sources */,
				DED889A71CCD1B8800F4CE97 /* NSString+SHA256.m in Sources */,
				DED889A01CCD1B7800F4CE97 /* JpakeRound3Payload.m in Sources */,
				DED889C61CCD205800F4CE97 /* JParticipant.m in Sources */,
				DED8899C1CCD1B7800F4CE97 /* jpakeParms.m in Sources */,
				DED8899E1CCD1B7800F4CE97 /* JpakeRound1Payload.m in Sources */,
				AFEFDA861EF29D75006C7F13 /* NewFriendTableViewController.m in Sources */,
				AF519D1B1EDB2E2D00A63AA1 /* FriendListViewControllerTableViewController.m in Sources */,
				DED889AC1CCD1BA600F4CE97 /* InboxTableViewController.m in Sources */,
				DED889B51CCD1BCE00F4CE97 /* DataBasics.m in Sources */,
				DEBD2FD81D0229E300583242 /* NSData+AES256.m in Sources */,
				DED889C71CCD205800F4CE97 /* JParticipant+CoreDataProperties.m in Sources */,
				DED8895B1CCD1AFA00F4CE97 /* AppDelegate.m in Sources */,
				DED889581CCD1AFA00F4CE97 /* main.m in Sources */,
				AF519D211EDB371D00A63AA1 /* TarBarViewController.m in Sources */,
				DED889A11CCD1B7800F4CE97 /* jpakeUtils.m in Sources */,
				DEED44D81CFE211C00397F6F /* JKey.m in Sources */,
				DEED44E71D004FEA00397F6F /* JpakeChatApp.xcdatamodeld in Sources */,
				DED889B91CCD1C3900F4CE97 /* signupViewController.m in Sources */,
				DED889AF1CCD1BB500F4CE97 /* LoginViewController.m in Sources */,
			);
			runOnlyForDeploymentPostprocessing = 0;
		};
		DED8896B1CCD1AFA00F4CE97 /* Sources */ = {
			isa = PBXSourcesBuildPhase;
			buildActionMask = 2147483647;
			files = (
				DED889741CCD1AFA00F4CE97 /* JpakeChatAppTests.m in Sources */,
			);
			runOnlyForDeploymentPostprocessing = 0;
		};
		DED889761CCD1AFA00F4CE97 /* Sources */ = {
			isa = PBXSourcesBuildPhase;
			buildActionMask = 2147483647;
			files = (
				DED8897F1CCD1AFA00F4CE97 /* JpakeChatAppUITests.m in Sources */,
			);
			runOnlyForDeploymentPostprocessing = 0;
		};
/* End PBXSourcesBuildPhase section */

/* Begin PBXTargetDependency section */
		DED889711CCD1AFA00F4CE97 /* PBXTargetDependency */ = {
			isa = PBXTargetDependency;
			target = DED889521CCD1AFA00F4CE97 /* JpakeChatApp */;
			targetProxy = DED889701CCD1AFA00F4CE97 /* PBXContainerItemProxy */;
		};
		DED8897C1CCD1AFA00F4CE97 /* PBXTargetDependency */ = {
			isa = PBXTargetDependency;
			target = DED889521CCD1AFA00F4CE97 /* JpakeChatApp */;
			targetProxy = DED8897B1CCD1AFA00F4CE97 /* PBXContainerItemProxy */;
		};
/* End PBXTargetDependency section */

/* Begin PBXVariantGroup section */
		DED889671CCD1AFA00F4CE97 /* LaunchScreen.storyboard */ = {
			isa = PBXVariantGroup;
			children = (
				DED889681CCD1AFA00F4CE97 /* Base */,
			);
			name = LaunchScreen.storyboard;
			sourceTree = "<group>";
		};
/* End PBXVariantGroup section */

/* Begin XCBuildConfiguration section */
		DED889811CCD1AFA00F4CE97 /* Debug */ = {
			isa = XCBuildConfiguration;
			buildSettings = {
				ALWAYS_SEARCH_USER_PATHS = NO;
				CLANG_CXX_LANGUAGE_STANDARD = "gnu++0x";
				CLANG_CXX_LIBRARY = "libc++";
				CLANG_ENABLE_MODULES = YES;
				CLANG_ENABLE_OBJC_ARC = YES;
				CLANG_WARN_BOOL_CONVERSION = YES;
				CLANG_WARN_CONSTANT_CONVERSION = YES;
				CLANG_WARN_DIRECT_OBJC_ISA_USAGE = YES_ERROR;
				CLANG_WARN_EMPTY_BODY = YES;
				CLANG_WARN_ENUM_CONVERSION = YES;
				CLANG_WARN_INFINITE_RECURSION = YES;
				CLANG_WARN_INT_CONVERSION = YES;
				CLANG_WARN_OBJC_ROOT_CLASS = YES_ERROR;
				CLANG_WARN_SUSPICIOUS_MOVE = YES;
				CLANG_WARN_UNREACHABLE_CODE = YES;
				CLANG_WARN__DUPLICATE_METHOD_MATCH = YES;
				"CODE_SIGN_IDENTITY[sdk=iphoneos*]" = "iPhone Developer";
				COPY_PHASE_STRIP = NO;
				DEBUG_INFORMATION_FORMAT = dwarf;
				ENABLE_STRICT_OBJC_MSGSEND = YES;
				ENABLE_TESTABILITY = YES;
				GCC_C_LANGUAGE_STANDARD = gnu99;
				GCC_DYNAMIC_NO_PIC = NO;
				GCC_NO_COMMON_BLOCKS = YES;
				GCC_OPTIMIZATION_LEVEL = 0;
				GCC_PREPROCESSOR_DEFINITIONS = (
					"DEBUG=1",
					"$(inherited)",
				);
				GCC_WARN_64_TO_32_BIT_CONVERSION = YES;
				GCC_WARN_ABOUT_RETURN_TYPE = YES_ERROR;
				GCC_WARN_UNDECLARED_SELECTOR = YES;
				GCC_WARN_UNINITIALIZED_AUTOS = YES_AGGRESSIVE;
				GCC_WARN_UNUSED_FUNCTION = YES;
				GCC_WARN_UNUSED_VARIABLE = YES;
				IPHONEOS_DEPLOYMENT_TARGET = 9.0;
				MTL_ENABLE_DEBUG_INFO = YES;
				ONLY_ACTIVE_ARCH = YES;
				SDKROOT = iphoneos;
			};
			name = Debug;
		};
		DED889821CCD1AFA00F4CE97 /* Release */ = {
			isa = XCBuildConfiguration;
			buildSettings = {
				ALWAYS_SEARCH_USER_PATHS = NO;
				CLANG_CXX_LANGUAGE_STANDARD = "gnu++0x";
				CLANG_CXX_LIBRARY = "libc++";
				CLANG_ENABLE_MODULES = YES;
				CLANG_ENABLE_OBJC_ARC = YES;
				CLANG_WARN_BOOL_CONVERSION = YES;
				CLANG_WARN_CONSTANT_CONVERSION = YES;
				CLANG_WARN_DIRECT_OBJC_ISA_USAGE = YES_ERROR;
				CLANG_WARN_EMPTY_BODY = YES;
				CLANG_WARN_ENUM_CONVERSION = YES;
				CLANG_WARN_INFINITE_RECURSION = YES;
				CLANG_WARN_INT_CONVERSION = YES;
				CLANG_WARN_OBJC_ROOT_CLASS = YES_ERROR;
				CLANG_WARN_SUSPICIOUS_MOVE = YES;
				CLANG_WARN_UNREACHABLE_CODE = YES;
				CLANG_WARN__DUPLICATE_METHOD_MATCH = YES;
				"CODE_SIGN_IDENTITY[sdk=iphoneos*]" = "iPhone Developer";
				COPY_PHASE_STRIP = NO;
				DEBUG_INFORMATION_FORMAT = "dwarf-with-dsym";
				ENABLE_NS_ASSERTIONS = NO;
				ENABLE_STRICT_OBJC_MSGSEND = YES;
				GCC_C_LANGUAGE_STANDARD = gnu99;
				GCC_NO_COMMON_BLOCKS = YES;
				GCC_WARN_64_TO_32_BIT_CONVERSION = YES;
				GCC_WARN_ABOUT_RETURN_TYPE = YES_ERROR;
				GCC_WARN_UNDECLARED_SELECTOR = YES;
				GCC_WARN_UNINITIALIZED_AUTOS = YES_AGGRESSIVE;
				GCC_WARN_UNUSED_FUNCTION = YES;
				GCC_WARN_UNUSED_VARIABLE = YES;
				IPHONEOS_DEPLOYMENT_TARGET = 9.0;
				MTL_ENABLE_DEBUG_INFO = NO;
				SDKROOT = iphoneos;
				VALIDATE_PRODUCT = YES;
			};
			name = Release;
		};
		DED889841CCD1AFA00F4CE97 /* Debug */ = {
			isa = XCBuildConfiguration;
			baseConfigurationReference = DC45FD6021131262DF6DB1CF /* Pods-JpakeChatApp.debug.xcconfig */;
			buildSettings = {
				ASSETCATALOG_COMPILER_APPICON_NAME = AppIcon;
				CLANG_ENABLE_MODULES = YES;
				CODE_SIGN_IDENTITY = "iPhone Developer";
				"CODE_SIGN_IDENTITY[sdk=iphoneos*]" = "iPhone Developer";
				DEVELOPMENT_TEAM = X7BDHAQC53;
				ENABLE_BITCODE = NO;
				FRAMEWORK_SEARCH_PATHS = (
					"$(inherited)",
					"$(PROJECT_DIR)",
					"/Users/$(USER)/Documents/FacebookSDK",
				);
				INFOPLIST_FILE = JpakeChatApp/Info.plist;
				IPHONEOS_DEPLOYMENT_TARGET = 9.0;
				LD_RUNPATH_SEARCH_PATHS = "$(inherited) @executable_path/Frameworks";
				LIBRARY_SEARCH_PATHS = (
					"$(inherited)",
					"$(PROJECT_DIR)/JpakeChatApp",
				);
				OTHER_LDFLAGS = (
					"$(inherited)",
					"$(OTHER_LDFLAGS)",
					"-ObjC",
					"-l\"GTMOAuth2\"",
					"-l\"GTMSessionFetcher\"",
					"-l\"GoogleAPIClientForREST\"",
					"-l\"GoogleToolboxForMac\"",
					"-l\"JSQMessagesViewController\"",
					"-l\"JSQSystemSoundPlayer\"",
					"-l\"Protobuf\"",
					"-l\"c++\"",
					"-l\"icucore\"",
					"-l\"sqlite3\"",
					"-l\"z\"",
					"-framework",
					"\"AVFoundation\"",
					"-framework",
					"\"AddressBook\"",
					"-framework",
					"\"AssetsLibrary\"",
					"-framework",
					"\"AudioToolbox\"",
					"-framework",
					"\"CFNetwork\"",
					"-framework",
					"\"CoreGraphics\"",
					"-framework",
					"\"CoreLocation\"",
					"-framework",
					"\"CoreTelephony\"",
					"-framework",
					"\"CoreText\"",
					"-framework",
					"\"FirebaseAnalytics\"",
					"-framework",
					"\"FirebaseAppIndexing\"",
					"-framework",
					"\"FirebaseAuth\"",
					"-framework",
					"\"FirebaseCore\"",
					"-framework",
					"\"FirebaseCrash\"",
					"-framework",
					"\"FirebaseDatabase\"",
					"-framework",
					"\"FirebaseDynamicLinks\"",
					"-framework",
					"\"FirebaseInstanceID\"",
					"-framework",
					"\"FirebaseInvites\"",
					"-framework",
					"\"FirebaseMessaging\"",
					"-framework",
					"\"FirebaseRemoteConfig\"",
					"-framework",
					"\"FirebaseStorage\"",
					"-framework",
					"\"Foundation\"",
					"-framework",
					"\"GoogleSignIn\"",
					"-framework",
					"\"MapKit\"",
					"-framework",
					"\"MessageUI\"",
					"-framework",
					"\"MobileCoreServices\"",
					"-framework",
					"\"QuartzCore\"",
					"-framework",
					"\"SafariServices\"",
					"-framework",
					"\"Security\"",
					"-framework",
					"\"StoreKit\"",
					"-framework",
					"\"SystemConfiguration\"",
					"-framework",
					"\"UIKit\"",
					"-weak_framework",
					"\"WebKit\"",
				);
				PRODUCT_BUNDLE_IDENTIFIER = uk.ac.ncl.securechat.JpakeChatApp;
				PRODUCT_NAME = "$(TARGET_NAME)";
				PROVISIONING_PROFILE = "";
				SWIFT_OBJC_BRIDGING_HEADER = "JpakeChatApp-Bridging-Header.h";
				SWIFT_OPTIMIZATION_LEVEL = "-Onone";
				TARGETED_DEVICE_FAMILY = 1;
			};
			name = Debug;
		};
		DED889851CCD1AFA00F4CE97 /* Release */ = {
			isa = XCBuildConfiguration;
			baseConfigurationReference = 891EC5BAD1DD301EEE1AF564 /* Pods-JpakeChatApp.release.xcconfig */;
			buildSettings = {
				ASSETCATALOG_COMPILER_APPICON_NAME = AppIcon;
				CLANG_ENABLE_MODULES = YES;
				CODE_SIGN_IDENTITY = "iPhone Developer";
				"CODE_SIGN_IDENTITY[sdk=iphoneos*]" = "iPhone Developer";
				DEVELOPMENT_TEAM = X7BDHAQC53;
				ENABLE_BITCODE = NO;
				FRAMEWORK_SEARCH_PATHS = (
					"$(inherited)",
					"$(PROJECT_DIR)",
					"/Users/$(USER)/Documents/FacebookSDK",
				);
				INFOPLIST_FILE = JpakeChatApp/Info.plist;
				IPHONEOS_DEPLOYMENT_TARGET = 9.0;
				LD_RUNPATH_SEARCH_PATHS = "$(inherited) @executable_path/Frameworks";
				LIBRARY_SEARCH_PATHS = (
					"$(inherited)",
					"$(PROJECT_DIR)/JpakeChatApp",
				);
				OTHER_LDFLAGS = (
					"$(inherited)",
					"$(OTHER_LDFLAGS)",
					"-ObjC",
					"-l\"GTMOAuth2\"",
					"-l\"GTMSessionFetcher\"",
					"-l\"GoogleAPIClientForREST\"",
					"-l\"GoogleToolboxForMac\"",
					"-l\"JSQMessagesViewController\"",
					"-l\"JSQSystemSoundPlayer\"",
					"-l\"Protobuf\"",
					"-l\"c++\"",
					"-l\"icucore\"",
					"-l\"sqlite3\"",
					"-l\"z\"",
					"-framework",
					"\"AVFoundation\"",
					"-framework",
					"\"AddressBook\"",
					"-framework",
					"\"AssetsLibrary\"",
					"-framework",
					"\"AudioToolbox\"",
					"-framework",
					"\"CFNetwork\"",
					"-framework",
					"\"CoreGraphics\"",
					"-framework",
					"\"CoreLocation\"",
					"-framework",
					"\"CoreTelephony\"",
					"-framework",
					"\"CoreText\"",
					"-framework",
					"\"FirebaseAnalytics\"",
					"-framework",
					"\"FirebaseAppIndexing\"",
					"-framework",
					"\"FirebaseAuth\"",
					"-framework",
					"\"FirebaseCore\"",
					"-framework",
					"\"FirebaseCrash\"",
					"-framework",
					"\"FirebaseDatabase\"",
					"-framework",
					"\"FirebaseDynamicLinks\"",
					"-framework",
					"\"FirebaseInstanceID\"",
					"-framework",
					"\"FirebaseInvites\"",
					"-framework",
					"\"FirebaseMessaging\"",
					"-framework",
					"\"FirebaseRemoteConfig\"",
					"-framework",
					"\"FirebaseStorage\"",
					"-framework",
					"\"Foundation\"",
					"-framework",
					"\"GoogleSignIn\"",
					"-framework",
					"\"MapKit\"",
					"-framework",
					"\"MessageUI\"",
					"-framework",
					"\"MobileCoreServices\"",
					"-framework",
					"\"QuartzCore\"",
					"-framework",
					"\"SafariServices\"",
					"-framework",
					"\"Security\"",
					"-framework",
					"\"StoreKit\"",
					"-framework",
					"\"SystemConfiguration\"",
					"-framework",
					"\"UIKit\"",
					"-weak_framework",
					"\"WebKit\"",
				);
				PRODUCT_BUNDLE_IDENTIFIER = uk.ac.ncl.securechat.JpakeChatApp;
				PRODUCT_NAME = "$(TARGET_NAME)";
				PROVISIONING_PROFILE = "";
				SWIFT_OBJC_BRIDGING_HEADER = "JpakeChatApp-Bridging-Header.h";
				TARGETED_DEVICE_FAMILY = 1;
			};
			name = Release;
		};
		DED889871CCD1AFA00F4CE97 /* Debug */ = {
			isa = XCBuildConfiguration;
			baseConfigurationReference = FA11B0A3FDD1F90168EA4085 /* Pods-JpakeChatAppTests.debug.xcconfig */;
			buildSettings = {
				BUNDLE_LOADER = "$(TEST_HOST)";
				FRAMEWORK_SEARCH_PATHS = (
					"$(inherited)",
					"$(PROJECT_DIR)",
				);
				INFOPLIST_FILE = "JpakeChatAppTests/Tests-Info.plist";
				LD_RUNPATH_SEARCH_PATHS = "$(inherited) @executable_path/Frameworks @loader_path/Frameworks";
				PRODUCT_BUNDLE_IDENTIFIER = uk.ac.ncl.secureChat.JpakeChatAppTests;
				PRODUCT_NAME = "$(TARGET_NAME)";
				TEST_HOST = "$(BUILT_PRODUCTS_DIR)/JpakeChatApp.app/JpakeChatApp";
			};
			name = Debug;
		};
		DED889881CCD1AFA00F4CE97 /* Release */ = {
			isa = XCBuildConfiguration;
			baseConfigurationReference = 2B96C523D626C040BF75157E /* Pods-JpakeChatAppTests.release.xcconfig */;
			buildSettings = {
				BUNDLE_LOADER = "$(TEST_HOST)";
				FRAMEWORK_SEARCH_PATHS = (
					"$(inherited)",
					"$(PROJECT_DIR)",
				);
				INFOPLIST_FILE = "JpakeChatAppTests/Tests-Info.plist";
				LD_RUNPATH_SEARCH_PATHS = "$(inherited) @executable_path/Frameworks @loader_path/Frameworks";
				PRODUCT_BUNDLE_IDENTIFIER = uk.ac.ncl.secureChat.JpakeChatAppTests;
				PRODUCT_NAME = "$(TARGET_NAME)";
				TEST_HOST = "$(BUILT_PRODUCTS_DIR)/JpakeChatApp.app/JpakeChatApp";
			};
			name = Release;
		};
		DED8898A1CCD1AFA00F4CE97 /* Debug */ = {
			isa = XCBuildConfiguration;
			baseConfigurationReference = C96D50F514FD6A0127F6ECCB /* Pods-JpakeChatAppUITests.debug.xcconfig */;
			buildSettings = {
				"CODE_SIGN_ENTITLEMENTS[sdk=*]" = "";
				FRAMEWORK_SEARCH_PATHS = (
					"$(inherited)",
					"$(PROJECT_DIR)",
				);
				INFOPLIST_FILE = "JpakeChatAppUITests/UITests-Info.plist";
				LD_RUNPATH_SEARCH_PATHS = "$(inherited) @executable_path/Frameworks @loader_path/Frameworks";
				PRODUCT_BUNDLE_IDENTIFIER = uk.ac.ncl.secureChat.JpakeChatAppUITests;
				PRODUCT_NAME = "$(TARGET_NAME)";
				PROVISIONING_PROFILE = "8ff776e3-88fb-462e-a7cf-50beea15730f";
				TEST_TARGET_NAME = JpakeChatApp;
				USES_XCTRUNNER = YES;
			};
			name = Debug;
		};
		DED8898B1CCD1AFA00F4CE97 /* Release */ = {
			isa = XCBuildConfiguration;
			baseConfigurationReference = F93C55C97E51384768D15E09 /* Pods-JpakeChatAppUITests.release.xcconfig */;
			buildSettings = {
				FRAMEWORK_SEARCH_PATHS = (
					"$(inherited)",
					"$(PROJECT_DIR)",
				);
				INFOPLIST_FILE = "JpakeChatAppUITests/UITests-Info.plist";
				LD_RUNPATH_SEARCH_PATHS = "$(inherited) @executable_path/Frameworks @loader_path/Frameworks";
				PRODUCT_BUNDLE_IDENTIFIER = uk.ac.ncl.secureChat.JpakeChatAppUITests;
				PRODUCT_NAME = "$(TARGET_NAME)";
				PROVISIONING_PROFILE = "8ff776e3-88fb-462e-a7cf-50beea15730f";
				TEST_TARGET_NAME = JpakeChatApp;
				USES_XCTRUNNER = YES;
			};
			name = Release;
		};
/* End XCBuildConfiguration section */

/* Begin XCConfigurationList section */
		DED8894E1CCD1AFA00F4CE97 /* Build configuration list for PBXProject "JpakeChatApp" */ = {
			isa = XCConfigurationList;
			buildConfigurations = (
				DED889811CCD1AFA00F4CE97 /* Debug */,
				DED889821CCD1AFA00F4CE97 /* Release */,
			);
			defaultConfigurationIsVisible = 0;
			defaultConfigurationName = Release;
		};
		DED889831CCD1AFA00F4CE97 /* Build configuration list for PBXNativeTarget "JpakeChatApp" */ = {
			isa = XCConfigurationList;
			buildConfigurations = (
				DED889841CCD1AFA00F4CE97 /* Debug */,
				DED889851CCD1AFA00F4CE97 /* Release */,
			);
			defaultConfigurationIsVisible = 0;
			defaultConfigurationName = Release;
		};
		DED889861CCD1AFA00F4CE97 /* Build configuration list for PBXNativeTarget "JpakeChatAppTests" */ = {
			isa = XCConfigurationList;
			buildConfigurations = (
				DED889871CCD1AFA00F4CE97 /* Debug */,
				DED889881CCD1AFA00F4CE97 /* Release */,
			);
			defaultConfigurationIsVisible = 0;
			defaultConfigurationName = Release;
		};
		DED889891CCD1AFA00F4CE97 /* Build configuration list for PBXNativeTarget "JpakeChatAppUITests" */ = {
			isa = XCConfigurationList;
			buildConfigurations = (
				DED8898A1CCD1AFA00F4CE97 /* Debug */,
				DED8898B1CCD1AFA00F4CE97 /* Release */,
			);
			defaultConfigurationIsVisible = 0;
			defaultConfigurationName = Release;
		};
/* End XCConfigurationList section */

/* Begin XCVersionGroup section */
		DEED44E51D004FEA00397F6F /* JpakeChatApp.xcdatamodeld */ = {
			isa = XCVersionGroup;
			children = (
				DEED44E61D004FEA00397F6F /* JpakeChatApp.xcdatamodel */,
			);
			currentVersion = DEED44E61D004FEA00397F6F /* JpakeChatApp.xcdatamodel */;
			path = JpakeChatApp.xcdatamodeld;
			sourceTree = "<group>";
			versionGroupType = wrapper.xcdatamodel;
		};
/* End XCVersionGroup section */
	};
	rootObject = DED8894B1CCD1AFA00F4CE97 /* Project object */;
}
